
Microsoft Visual Studio Solution File, Format Version 12.00
# Visual Studio Version 16
VisualStudioVersion = 16.0.30413.136
MinimumVisualStudioVersion = 10.0.40219.1
Project("{00D1A9C2-B5F0-4AF3-8072-F6C62B433612}") = "FSAPortfolio.Database", "FSAPortfolio.Database\FSAPortfolio.Database.sqlproj", "{6B45E295-28DE-4003-8020-49E3A9F5EF1D}"
EndProject
Project("{FAE04EC0-301F-11D3-BF4B-00C04F79EFBC}") = "FSAPortfolio.WebAPI", "FSAPortfolio.WebAPI\FSAPortfolio.WebAPI.csproj", "{3E2DD0A5-FB11-4749-9DB6-159937E0DE08}"
EndProject
Project("{FAE04EC0-301F-11D3-BF4B-00C04F79EFBC}") = "FSAPortfolio.Entities", "FSAPortfolio.Entites\FSAPortfolio.Entities.csproj", "{D5026BA6-1EAF-43A5-8DF0-1A560DBA2460}"
EndProject
Project("{FAE04EC0-301F-11D3-BF4B-00C04F79EFBC}") = "FSAPortfolio.PostgreSQL", "FSAPortfolio.PostgreSQL\FSAPortfolio.PostgreSQL.csproj", "{81700DE3-5931-48BD-88D7-37F4E31D38B3}"
EndProject
Project("{FAE04EC0-301F-11D3-BF4B-00C04F79EFBC}") = "FSAPortfolio.Security", "FSAPortfolio.Security\FSAPortfolio.Security.csproj", "{2C3DF415-DCF5-44A9-9A18-78554C12CD40}"
EndProject
Project("{2150E333-8FDC-42A3-9474-1A3956D46DE8}") = "Solution Items", "Solution Items", "{FB34D729-247E-4F80-8973-17D32250F044}"
	ProjectSection(SolutionItems) = preProject
		README.md = README.md
	EndProjectSection
EndProject
Global
	GlobalSection(SolutionConfigurationPlatforms) = preSolution
		Debug|Any CPU = Debug|Any CPU
		Release|Any CPU = Release|Any CPU
	EndGlobalSection
	GlobalSection(ProjectConfigurationPlatforms) = postSolution
		{6B45E295-28DE-4003-8020-49E3A9F5EF1D}.Debug|Any CPU.ActiveCfg = Debug|Any CPU
		{6B45E295-28DE-4003-8020-49E3A9F5EF1D}.Debug|Any CPU.Build.0 = Debug|Any CPU
		{6B45E295-28DE-4003-8020-49E3A9F5EF1D}.Debug|Any CPU.Deploy.0 = Debug|Any CPU
		{6B45E295-28DE-4003-8020-49E3A9F5EF1D}.Release|Any CPU.ActiveCfg = Release|Any CPU
		{6B45E295-28DE-4003-8020-49E3A9F5EF1D}.Release|Any CPU.Build.0 = Release|Any CPU
		{6B45E295-28DE-4003-8020-49E3A9F5EF1D}.Release|Any CPU.Deploy.0 = Release|Any CPU
		{3E2DD0A5-FB11-4749-9DB6-159937E0DE08}.Debug|Any CPU.ActiveCfg = Debug|Any CPU
		{3E2DD0A5-FB11-4749-9DB6-159937E0DE08}.Debug|Any CPU.Build.0 = Debug|Any CPU
		{3E2DD0A5-FB11-4749-9DB6-159937E0DE08}.Release|Any CPU.ActiveCfg = Release|Any CPU
		{3E2DD0A5-FB11-4749-9DB6-159937E0DE08}.Release|Any CPU.Build.0 = Release|Any CPU
		{D5026BA6-1EAF-43A5-8DF0-1A560DBA2460}.Debug|Any CPU.ActiveCfg = Debug|Any CPU
		{D5026BA6-1EAF-43A5-8DF0-1A560DBA2460}.Debug|Any CPU.Build.0 = Debug|Any CPU
		{D5026BA6-1EAF-43A5-8DF0-1A560DBA2460}.Release|Any CPU.ActiveCfg = Release|Any CPU
		{D5026BA6-1EAF-43A5-8DF0-1A560DBA2460}.Release|Any CPU.Build.0 = Release|Any CPU
		{81700DE3-5931-48BD-88D7-37F4E31D38B3}.Debug|Any CPU.ActiveCfg = Debug|Any CPU
		{81700DE3-5931-48BD-88D7-37F4E31D38B3}.Debug|Any CPU.Build.0 = Debug|Any CPU
		{81700DE3-5931-48BD-88D7-37F4E31D38B3}.Release|Any CPU.ActiveCfg = Release|Any CPU
		{81700DE3-5931-48BD-88D7-37F4E31D38B3}.Release|Any CPU.Build.0 = Release|Any CPU
		{2C3DF415-DCF5-44A9-9A18-78554C12CD40}.Debug|Any CPU.ActiveCfg = Debug|Any CPU
		{2C3DF415-DCF5-44A9-9A18-78554C12CD40}.Debug|Any CPU.Build.0 = Debug|Any CPU
		{2C3DF415-DCF5-44A9-9A18-78554C12CD40}.Release|Any CPU.ActiveCfg = Release|Any CPU
		{2C3DF415-DCF5-44A9-9A18-78554C12CD40}.Release|Any CPU.Build.0 = Release|Any CPU
	EndGlobalSection
	GlobalSection(SolutionProperties) = preSolution
		HideSolutionNode = FALSE
	EndGlobalSection
	GlobalSection(ExtensibilityGlobals) = postSolution
		SolutionGuid = {F64A1A69-285B-486A-9F2F-7CD57130A9E0}
	EndGlobalSection
EndGlobal
