
Microsoft Visual Studio Solution File, Format Version 12.00
# Visual Studio Version 16
VisualStudioVersion = 16.0.30413.136
MinimumVisualStudioVersion = 10.0.40219.1
Project("{00D1A9C2-B5F0-4AF3-8072-F6C62B433612}") = "FSAPortfolio.Database", "FSAPortfolio.Database\FSAPortfolio.Database.sqlproj", "{6B45E295-28DE-4003-8020-49E3A9F5EF1D}"
EndProject
Project("{FAE04EC0-301F-11D3-BF4B-00C04F79EFBC}") = "FSAPortfolio.WebAPI", "FSAPortfolio.WebAPI\FSAPortfolio.WebAPI.csproj", "{3E2DD0A5-FB11-4749-9DB6-159937E0DE08}"
EndProject
Project("{FAE04EC0-301F-11D3-BF4B-00C04F79EFBC}") = "FSAPortfolio.Entities", "FSAPortfolio.Entites\FSAPortfolio.Entities.csproj", "{D5026BA6-1EAF-43A5-8DF0-1A560DBA2460}"
EndProject
Project("{FAE04EC0-301F-11D3-BF4B-00C04F79EFBC}") = "FSAPortfolio.PostgreSQL", "FSAPortfolio.PostgreSQL\FSAPortfolio.PostgreSQL.csproj", "{81700DE3-5931-48BD-88D7-37F4E31D38B3}"
EndProject
Project("{FAE04EC0-301F-11D3-BF4B-00C04F79EFBC}") = "FSAPortfolio.Security", "FSAPortfolio.Security\FSAPortfolio.Security.csproj", "{2C3DF415-DCF5-44A9-9A18-78554C12CD40}"
EndProject
Project("{2150E333-8FDC-42A3-9474-1A3956D46DE8}") = "Solution Items", "Solution Items", "{FB34D729-247E-4F80-8973-17D32250F044}"
	ProjectSection(SolutionItems) = preProject
		BOOTSTRAPPING.md = BOOTSTRAPPING.md
		README.md = README.md
		SITTEST.md = SITTEST.md
		UTILITY.md = UTILITY.md
	EndProjectSection
EndProject
Project("{FAE04EC0-301F-11D3-BF4B-00C04F79EFBC}") = "FSAPortfolio.UnitTests", "FSAPortfolio.UnitTests\FSAPortfolio.UnitTests.csproj", "{84175E53-9CCF-4939-AEF6-A3FE2204EC98}"
EndProject
Project("{2150E333-8FDC-42A3-9474-1A3956D46DE8}") = "Bootstrapping", "Bootstrapping", "{D3941507-B7AE-49F5-92D1-1A563CD7A4CB}"
	ProjectSection(SolutionItems) = preProject
		Bootstrapping\bootstrapPortfolio.sh = Bootstrapping\bootstrapPortfolio.sh
		Bootstrapping\bootstrapSIT.sh = Bootstrapping\bootstrapSIT.sh
		Bootstrapping\getToken.sh = Bootstrapping\getToken.sh
		Bootstrapping\setSecrets.sh = Bootstrapping\setSecrets.sh
		Bootstrapping\setSecretsSIT.sh = Bootstrapping\setSecretsSIT.sh
	EndProjectSection
EndProject
Project("{2150E333-8FDC-42A3-9474-1A3956D46DE8}") = "TestScripts", "TestScripts", "{0A567BB7-327C-4D53-8729-54FA3E942E89}"
	ProjectSection(SolutionItems) = preProject
		TestScripts\cleanReservations.sh = TestScripts\cleanReservations.sh
		TestScripts\deduplicateADUsers.sh = TestScripts\deduplicateADUsers.sh
		TestScripts\dumpAll.sh = TestScripts\dumpAll.sh
		TestScripts\getPortfolioChanges.sh = TestScripts\getPortfolioChanges.sh
		TestScripts\getPortfolioConfig.sh = TestScripts\getPortfolioConfig.sh
		TestScripts\getPortfolioProjects.sh = TestScripts\getPortfolioProjects.sh
		TestScripts\getPortfolioSummaryConfig.sh = TestScripts\getPortfolioSummaryConfig.sh
		TestScripts\getPortfolioUpdates.sh = TestScripts\getPortfolioUpdates.sh
		TestScripts\getProjectForEdit.sh = TestScripts\getProjectForEdit.sh
		TestScripts\getProjectSummary.sh = TestScripts\getProjectSummary.sh
		TestScripts\getToken.sh = TestScripts\getToken.sh
		TestScripts\setSecrets.sh = TestScripts\setSecrets.sh
	EndProjectSection
EndProject
Project("{FAE04EC0-301F-11D3-BF4B-00C04F79EFBC}") = "FSAPortfolio.Application", "FSAPortfolio.Application\FSAPortfolio.Application.csproj", "{FC96DE85-FD34-4D6B-B627-B896E71FCF14}"
EndProject
Project("{FAE04EC0-301F-11D3-BF4B-00C04F79EFBC}") = "FSAPortfolio.Common", "FSAPortfolio.Common\FSAPortfolio.Common.csproj", "{C57B446E-77DE-4A79-87C3-523EC2E8A9F7}"
EndProject
Project("{2150E333-8FDC-42A3-9474-1A3956D46DE8}") = "Workflows", "Workflows", "{4998EBD8-B5D8-49E3-85E9-7C1460895020}"
	ProjectSection(SolutionItems) = preProject
		.github\workflows\development_to_TEST.yml = .github\workflows\development_to_TEST.yml
		.github\workflows\master_FSAPortfolioBackend.yml = .github\workflows\master_FSAPortfolioBackend.yml
		.github\workflows\workInProgress_to_TEST.yml = .github\workflows\workInProgress_to_TEST.yml
	EndProjectSection
EndProject
Project("{9A19103F-16F7-4668-BE54-9A1E7A4F7556}") = "FSAPortfolio.Utility", "FSAPortfolio.Utility\FSAPortfolio.Utility.csproj", "{93B0D739-F2A1-46F3-9C1D-7735C1C77DA7}"
EndProject
Project("{9A19103F-16F7-4668-BE54-9A1E7A4F7556}") = "FSAPortfolio.ApiClient", "FSAPortfolio.ApiClient\FSAPortfolio.ApiClient.csproj", "{4AB3F23E-9EBA-4D51-9802-363CACD18C31}"
EndProject
Global
	GlobalSection(SolutionConfigurationPlatforms) = preSolution
		Debug|Any CPU = Debug|Any CPU
		Release|Any CPU = Release|Any CPU
	EndGlobalSection
	GlobalSection(ProjectConfigurationPlatforms) = postSolution
		{6B45E295-28DE-4003-8020-49E3A9F5EF1D}.Debug|Any CPU.ActiveCfg = Debug|Any CPU
		{6B45E295-28DE-4003-8020-49E3A9F5EF1D}.Debug|Any CPU.Build.0 = Debug|Any CPU
		{6B45E295-28DE-4003-8020-49E3A9F5EF1D}.Debug|Any CPU.Deploy.0 = Debug|Any CPU
		{6B45E295-28DE-4003-8020-49E3A9F5EF1D}.Release|Any CPU.ActiveCfg = Release|Any CPU
		{6B45E295-28DE-4003-8020-49E3A9F5EF1D}.Release|Any CPU.Build.0 = Release|Any CPU
		{6B45E295-28DE-4003-8020-49E3A9F5EF1D}.Release|Any CPU.Deploy.0 = Release|Any CPU
		{3E2DD0A5-FB11-4749-9DB6-159937E0DE08}.Debug|Any CPU.ActiveCfg = Debug|Any CPU
		{3E2DD0A5-FB11-4749-9DB6-159937E0DE08}.Debug|Any CPU.Build.0 = Debug|Any CPU
		{3E2DD0A5-FB11-4749-9DB6-159937E0DE08}.Release|Any CPU.ActiveCfg = Release|Any CPU
		{3E2DD0A5-FB11-4749-9DB6-159937E0DE08}.Release|Any CPU.Build.0 = Release|Any CPU
		{D5026BA6-1EAF-43A5-8DF0-1A560DBA2460}.Debug|Any CPU.ActiveCfg = Debug|Any CPU
		{D5026BA6-1EAF-43A5-8DF0-1A560DBA2460}.Debug|Any CPU.Build.0 = Debug|Any CPU
		{D5026BA6-1EAF-43A5-8DF0-1A560DBA2460}.Release|Any CPU.ActiveCfg = Release|Any CPU
		{D5026BA6-1EAF-43A5-8DF0-1A560DBA2460}.Release|Any CPU.Build.0 = Release|Any CPU
		{81700DE3-5931-48BD-88D7-37F4E31D38B3}.Debug|Any CPU.ActiveCfg = Debug|Any CPU
		{81700DE3-5931-48BD-88D7-37F4E31D38B3}.Debug|Any CPU.Build.0 = Debug|Any CPU
		{81700DE3-5931-48BD-88D7-37F4E31D38B3}.Release|Any CPU.ActiveCfg = Release|Any CPU
		{81700DE3-5931-48BD-88D7-37F4E31D38B3}.Release|Any CPU.Build.0 = Release|Any CPU
		{2C3DF415-DCF5-44A9-9A18-78554C12CD40}.Debug|Any CPU.ActiveCfg = Debug|Any CPU
		{2C3DF415-DCF5-44A9-9A18-78554C12CD40}.Debug|Any CPU.Build.0 = Debug|Any CPU
		{2C3DF415-DCF5-44A9-9A18-78554C12CD40}.Release|Any CPU.ActiveCfg = Release|Any CPU
		{2C3DF415-DCF5-44A9-9A18-78554C12CD40}.Release|Any CPU.Build.0 = Release|Any CPU
		{84175E53-9CCF-4939-AEF6-A3FE2204EC98}.Debug|Any CPU.ActiveCfg = Debug|Any CPU
		{84175E53-9CCF-4939-AEF6-A3FE2204EC98}.Debug|Any CPU.Build.0 = Debug|Any CPU
		{84175E53-9CCF-4939-AEF6-A3FE2204EC98}.Release|Any CPU.ActiveCfg = Release|Any CPU
		{84175E53-9CCF-4939-AEF6-A3FE2204EC98}.Release|Any CPU.Build.0 = Release|Any CPU
		{FC96DE85-FD34-4D6B-B627-B896E71FCF14}.Debug|Any CPU.ActiveCfg = Debug|Any CPU
		{FC96DE85-FD34-4D6B-B627-B896E71FCF14}.Debug|Any CPU.Build.0 = Debug|Any CPU
		{FC96DE85-FD34-4D6B-B627-B896E71FCF14}.Release|Any CPU.ActiveCfg = Release|Any CPU
		{FC96DE85-FD34-4D6B-B627-B896E71FCF14}.Release|Any CPU.Build.0 = Release|Any CPU
		{C57B446E-77DE-4A79-87C3-523EC2E8A9F7}.Debug|Any CPU.ActiveCfg = Debug|Any CPU
		{C57B446E-77DE-4A79-87C3-523EC2E8A9F7}.Debug|Any CPU.Build.0 = Debug|Any CPU
		{C57B446E-77DE-4A79-87C3-523EC2E8A9F7}.Release|Any CPU.ActiveCfg = Release|Any CPU
		{C57B446E-77DE-4A79-87C3-523EC2E8A9F7}.Release|Any CPU.Build.0 = Release|Any CPU
		{93B0D739-F2A1-46F3-9C1D-7735C1C77DA7}.Debug|Any CPU.ActiveCfg = Debug|Any CPU
		{93B0D739-F2A1-46F3-9C1D-7735C1C77DA7}.Debug|Any CPU.Build.0 = Debug|Any CPU
		{93B0D739-F2A1-46F3-9C1D-7735C1C77DA7}.Release|Any CPU.ActiveCfg = Release|Any CPU
		{93B0D739-F2A1-46F3-9C1D-7735C1C77DA7}.Release|Any CPU.Build.0 = Release|Any CPU
		{4AB3F23E-9EBA-4D51-9802-363CACD18C31}.Debug|Any CPU.ActiveCfg = Debug|Any CPU
		{4AB3F23E-9EBA-4D51-9802-363CACD18C31}.Debug|Any CPU.Build.0 = Debug|Any CPU
		{4AB3F23E-9EBA-4D51-9802-363CACD18C31}.Release|Any CPU.ActiveCfg = Release|Any CPU
		{4AB3F23E-9EBA-4D51-9802-363CACD18C31}.Release|Any CPU.Build.0 = Release|Any CPU
	EndGlobalSection
	GlobalSection(SolutionProperties) = preSolution
		HideSolutionNode = FALSE
	EndGlobalSection
	GlobalSection(NestedProjects) = preSolution
		{D3941507-B7AE-49F5-92D1-1A563CD7A4CB} = {FB34D729-247E-4F80-8973-17D32250F044}
		{0A567BB7-327C-4D53-8729-54FA3E942E89} = {FB34D729-247E-4F80-8973-17D32250F044}
		{4998EBD8-B5D8-49E3-85E9-7C1460895020} = {FB34D729-247E-4F80-8973-17D32250F044}
	EndGlobalSection
	GlobalSection(ExtensibilityGlobals) = postSolution
		SolutionGuid = {F64A1A69-285B-486A-9F2F-7CD57130A9E0}
	EndGlobalSection
EndGlobal
